# This file is automatically @generated by pesde.
# It is not intended for manual editing.
format = 2
name = "storybakery/pesde_test2"
version = "0.1.0"
target = "lune"

[graph."storybakery/pesde_test1@0.0.0-7cc88fc013ba2dc2bd92c4ed417216e3a63a4ccd lune"]
direct = ["pesde-test1", { repo = "https://github.com/BamSori/pesde-test1", rev = "c5fd39dfdab9279674de93adbd36059d3391f13e" }, "standard"]

[graph."storybakery/pesde_test1@0.0.0-7cc88fc013ba2dc2bd92c4ed417216e3a63a4ccd lune".pkg_ref]
ref_ty = "git"
repo = "https://github.com/BamSori/pesde-test1"
tree_id = "7cc88fc013ba2dc2bd92c4ed417216e3a63a4ccd"
new_structure = true
